
Microsoft Visual Studio Solution File, Format Version 12.00
# Visual Studio Version 16
VisualStudioVersion = 16.0.29926.136
MinimumVisualStudioVersion = 10.0.40219.1
Project("{FAE04EC0-301F-11D3-BF4B-00C04F79EFBC}") = "Videos", "Videos\Videos.csproj", "{FF0929A3-62AD-4362-A6F8-3BC0623E20AB}"
EndProject
Global
	GlobalSection(SolutionConfigurationPlatforms) = preSolution
		Debug|Any CPU = Debug|Any CPU
		Release|Any CPU = Release|Any CPU
	EndGlobalSection
	GlobalSection(ProjectConfigurationPlatforms) = postSolution
		{FF0929A3-62AD-4362-A6F8-3BC0623E20AB}.Debug|Any CPU.ActiveCfg = Debug|Any CPU
		{FF0929A3-62AD-4362-A6F8-3BC0623E20AB}.Debug|Any CPU.Build.0 = Debug|Any CPU
		{FF0929A3-62AD-4362-A6F8-3BC0623E20AB}.Release|Any CPU.ActiveCfg = Release|Any CPU
		{FF0929A3-62AD-4362-A6F8-3BC0623E20AB}.Release|Any CPU.Build.0 = Release|Any CPU
	EndGlobalSection
	GlobalSection(SolutionProperties) = preSolution
		HideSolutionNode = FALSE
	EndGlobalSection
	GlobalSection(ExtensibilityGlobals) = postSolution
		SolutionGuid = {6FA6D32B-12BD-4F03-8581-C57673BDA94B}
	EndGlobalSection
EndGlobal
